
Microsoft Visual Studio Solution File, Format Version 12.00
# Visual Studio Version 17
VisualStudioVersion = 17.14.37027.9
MinimumVisualStudioVersion = 10.0.40219.1
Project("{8BC9CEB8-8B4A-11D0-8D11-00A0C91BC942}") = "Program", "Program.vcxproj", "{C32B11DC-27B3-4A6B-B2AB-4F9DDDB69F7A}"
EndProject
Project("{8BC9CEB8-8B4A-11D0-8D11-00A0C91BC942}") = "Class 1th (Compile)", "..\Class 1th (Compile)\Class 1th (Compile).vcxproj", "{4EF78CB7-39CD-4505-8E20-7DF182B9042D}"
EndProject
Project("{8BC9CEB8-8B4A-11D0-8D11-00A0C91BC942}") = "Class 2th", "..\Class 2th\Class 2th.vcxproj", "{95CEE334-1724-44BA-9351-274D727FBAF8}"
EndProject
Project("{8BC9CEB8-8B4A-11D0-8D11-00A0C91BC942}") = "Class 3th", "..\Class 3th\Class 3th.vcxproj", "{EC69DFE6-A827-4009-8FEE-7FB4DFF1ACED}"
EndProject
Project("{8BC9CEB8-8B4A-11D0-8D11-00A0C91BC942}") = "Class 4th OverFlow & UnderFlow", "..\Class 4th\Class 4th.vcxproj", "{C11F426B-406F-45FA-B4AC-A9EC0C198EDD}"
EndProject
Project("{8BC9CEB8-8B4A-11D0-8D11-00A0C91BC942}") = "Class5th (Conditional Statement)", "..\Class5th (Conditional Statement)\Class5th (Conditional Statement).vcxproj", "{7E332F18-4FF2-4204-892F-A7DD9D21E0C7}"
EndProject
Global
	GlobalSection(SolutionConfigurationPlatforms) = preSolution
		Debug|x64 = Debug|x64
		Debug|x86 = Debug|x86
		Release|x64 = Release|x64
		Release|x86 = Release|x86
	EndGlobalSection
	GlobalSection(ProjectConfigurationPlatforms) = postSolution
		{C32B11DC-27B3-4A6B-B2AB-4F9DDDB69F7A}.Debug|x64.ActiveCfg = Debug|x64
		{C32B11DC-27B3-4A6B-B2AB-4F9DDDB69F7A}.Debug|x64.Build.0 = Debug|x64
		{C32B11DC-27B3-4A6B-B2AB-4F9DDDB69F7A}.Debug|x86.ActiveCfg = Debug|Win32
		{C32B11DC-27B3-4A6B-B2AB-4F9DDDB69F7A}.Debug|x86.Build.0 = Debug|Win32
		{C32B11DC-27B3-4A6B-B2AB-4F9DDDB69F7A}.Release|x64.ActiveCfg = Release|x64
		{C32B11DC-27B3-4A6B-B2AB-4F9DDDB69F7A}.Release|x64.Build.0 = Release|x64
		{C32B11DC-27B3-4A6B-B2AB-4F9DDDB69F7A}.Release|x86.ActiveCfg = Release|Win32
		{C32B11DC-27B3-4A6B-B2AB-4F9DDDB69F7A}.Release|x86.Build.0 = Release|Win32
		{4EF78CB7-39CD-4505-8E20-7DF182B9042D}.Debug|x64.ActiveCfg = Debug|x64
		{4EF78CB7-39CD-4505-8E20-7DF182B9042D}.Debug|x64.Build.0 = Debug|x64
		{4EF78CB7-39CD-4505-8E20-7DF182B9042D}.Debug|x86.ActiveCfg = Debug|Win32
		{4EF78CB7-39CD-4505-8E20-7DF182B9042D}.Debug|x86.Build.0 = Debug|Win32
		{4EF78CB7-39CD-4505-8E20-7DF182B9042D}.Release|x64.ActiveCfg = Release|x64
		{4EF78CB7-39CD-4505-8E20-7DF182B9042D}.Release|x64.Build.0 = Release|x64
		{4EF78CB7-39CD-4505-8E20-7DF182B9042D}.Release|x86.ActiveCfg = Release|Win32
		{4EF78CB7-39CD-4505-8E20-7DF182B9042D}.Release|x86.Build.0 = Release|Win32
		{95CEE334-1724-44BA-9351-274D727FBAF8}.Debug|x64.ActiveCfg = Debug|x64
		{95CEE334-1724-44BA-9351-274D727FBAF8}.Debug|x64.Build.0 = Debug|x64
		{95CEE334-1724-44BA-9351-274D727FBAF8}.Debug|x86.ActiveCfg = Debug|Win32
		{95CEE334-1724-44BA-9351-274D727FBAF8}.Debug|x86.Build.0 = Debug|Win32
		{95CEE334-1724-44BA-9351-274D727FBAF8}.Release|x64.ActiveCfg = Release|x64
		{95CEE334-1724-44BA-9351-274D727FBAF8}.Release|x64.Build.0 = Release|x64
		{95CEE334-1724-44BA-9351-274D727FBAF8}.Release|x86.ActiveCfg = Release|Win32
		{95CEE334-1724-44BA-9351-274D727FBAF8}.Release|x86.Build.0 = Release|Win32
		{EC69DFE6-A827-4009-8FEE-7FB4DFF1ACED}.Debug|x64.ActiveCfg = Debug|x64
		{EC69DFE6-A827-4009-8FEE-7FB4DFF1ACED}.Debug|x64.Build.0 = Debug|x64
		{EC69DFE6-A827-4009-8FEE-7FB4DFF1ACED}.Debug|x86.ActiveCfg = Debug|Win32
		{EC69DFE6-A827-4009-8FEE-7FB4DFF1ACED}.Debug|x86.Build.0 = Debug|Win32
		{EC69DFE6-A827-4009-8FEE-7FB4DFF1ACED}.Release|x64.ActiveCfg = Release|x64
		{EC69DFE6-A827-4009-8FEE-7FB4DFF1ACED}.Release|x64.Build.0 = Release|x64
		{EC69DFE6-A827-4009-8FEE-7FB4DFF1ACED}.Release|x86.ActiveCfg = Release|Win32
		{EC69DFE6-A827-4009-8FEE-7FB4DFF1ACED}.Release|x86.Build.0 = Release|Win32
		{C11F426B-406F-45FA-B4AC-A9EC0C198EDD}.Debug|x64.ActiveCfg = Debug|x64
		{C11F426B-406F-45FA-B4AC-A9EC0C198EDD}.Debug|x64.Build.0 = Debug|x64
		{C11F426B-406F-45FA-B4AC-A9EC0C198EDD}.Debug|x86.ActiveCfg = Debug|Win32
		{C11F426B-406F-45FA-B4AC-A9EC0C198EDD}.Debug|x86.Build.0 = Debug|Win32
		{C11F426B-406F-45FA-B4AC-A9EC0C198EDD}.Release|x64.ActiveCfg = Release|x64
		{C11F426B-406F-45FA-B4AC-A9EC0C198EDD}.Release|x64.Build.0 = Release|x64
		{C11F426B-406F-45FA-B4AC-A9EC0C198EDD}.Release|x86.ActiveCfg = Release|Win32
		{C11F426B-406F-45FA-B4AC-A9EC0C198EDD}.Release|x86.Build.0 = Release|Win32
		{7E332F18-4FF2-4204-892F-A7DD9D21E0C7}.Debug|x64.ActiveCfg = Debug|x64
		{7E332F18-4FF2-4204-892F-A7DD9D21E0C7}.Debug|x64.Build.0 = Debug|x64
		{7E332F18-4FF2-4204-892F-A7DD9D21E0C7}.Debug|x86.ActiveCfg = Debug|Win32
		{7E332F18-4FF2-4204-892F-A7DD9D21E0C7}.Debug|x86.Build.0 = Debug|Win32
		{7E332F18-4FF2-4204-892F-A7DD9D21E0C7}.Release|x64.ActiveCfg = Release|x64
		{7E332F18-4FF2-4204-892F-A7DD9D21E0C7}.Release|x64.Build.0 = Release|x64
		{7E332F18-4FF2-4204-892F-A7DD9D21E0C7}.Release|x86.ActiveCfg = Release|Win32
		{7E332F18-4FF2-4204-892F-A7DD9D21E0C7}.Release|x86.Build.0 = Release|Win32
	EndGlobalSection
	GlobalSection(SolutionProperties) = preSolution
		HideSolutionNode = FALSE
	EndGlobalSection
	GlobalSection(ExtensibilityGlobals) = postSolution
		SolutionGuid = {5ACA6600-7A7A-4F3E-A9B9-76B353B07AC0}
	EndGlobalSection
EndGlobal
